
Microsoft Visual Studio Solution File, Format Version 12.00
# Visual Studio Version 16
VisualStudioVersion = 16.0.30503.244
MinimumVisualStudioVersion = 10.0.40219.1
Project("{FAE04EC0-301F-11D3-BF4B-00C04F79EFBC}") = "Snake", "Snake\Snake.csproj", "{B726DF1E-7DE3-4B17-906E-031B3C0B739D}"
EndProject
Global
	GlobalSection(SolutionConfigurationPlatforms) = preSolution
		Debug|Any CPU = Debug|Any CPU
		Release|Any CPU = Release|Any CPU
	EndGlobalSection
	GlobalSection(ProjectConfigurationPlatforms) = postSolution
		{B726DF1E-7DE3-4B17-906E-031B3C0B739D}.Debug|Any CPU.ActiveCfg = Debug|Any CPU
		{B726DF1E-7DE3-4B17-906E-031B3C0B739D}.Debug|Any CPU.Build.0 = Debug|Any CPU
		{B726DF1E-7DE3-4B17-906E-031B3C0B739D}.Release|Any CPU.ActiveCfg = Release|Any CPU
		{B726DF1E-7DE3-4B17-906E-031B3C0B739D}.Release|Any CPU.Build.0 = Release|Any CPU
	EndGlobalSection
	GlobalSection(SolutionProperties) = preSolution
		HideSolutionNode = FALSE
	EndGlobalSection
	GlobalSection(ExtensibilityGlobals) = postSolution
		SolutionGuid = {FE78B313-23C8-451A-AC7B-0485B4796C70}
	EndGlobalSection
EndGlobal
